
Microsoft Visual Studio Solution File, Format Version 12.00
Project("{2150E333-8FDC-42A3-9474-1A3956D46DE8}") = "src", "src", "{A8C4A36C-6F6F-4418-9DC9-1640EE08068A}"
EndProject
Project("{2150E333-8FDC-42A3-9474-1A3956D46DE8}") = "FlightSearch", "FlightSearch", "{4ED40BEE-9A10-4F1A-A287-B31330C34E10}"
EndProject
Project("{2150E333-8FDC-42A3-9474-1A3956D46DE8}") = "Integrators", "Integrators", "{A8894EE2-5E49-476C-891D-055A736D3A4F}"
EndProject
Project("{2150E333-8FDC-42A3-9474-1A3956D46DE8}") = "HopeAir", "HopeAir", "{5CA9A695-958B-4052-8502-E492C19E9024}"
EndProject
Project("{2150E333-8FDC-42A3-9474-1A3956D46DE8}") = "AybJet", "AybJet", "{97438AF7-9558-442F-ABB0-6BAFACDECB77}"
EndProject
Project("{2150E333-8FDC-42A3-9474-1A3956D46DE8}") = "src", "src", "{4A8F79A6-E51A-4227-B092-4FD1B092824A}"
EndProject
Project("{2150E333-8FDC-42A3-9474-1A3956D46DE8}") = "test", "test", "{CB6ED643-675C-4DE5-A01A-F64377AC5FD9}"
EndProject
Project("{2150E333-8FDC-42A3-9474-1A3956D46DE8}") = "src", "src", "{7DBAC291-6CDA-4927-A045-1E70D84F6FC5}"
EndProject
Project("{2150E333-8FDC-42A3-9474-1A3956D46DE8}") = "test", "test", "{6AF281A2-859C-4243-AAB1-0FA3104E1F2B}"
EndProject
Project("{FAE04EC0-301F-11D3-BF4B-00C04F79EFBC}") = "AybJet.Domain", "src\Integrators\AybJet\src\AybJet.Domain\AybJet.Domain.csproj", "{D6039190-8188-4F01-8CDE-78DAB630BC23}"
EndProject
Project("{FAE04EC0-301F-11D3-BF4B-00C04F79EFBC}") = "AybJet.Infrastructure", "src\Integrators\AybJet\src\AybJet.Infrastructure\AybJet.Infrastructure.csproj", "{779CC6E9-0355-4B82-A4F5-B644BFD51F07}"
EndProject
Project("{FAE04EC0-301F-11D3-BF4B-00C04F79EFBC}") = "AybJet.Application", "src\Integrators\AybJet\src\AybJet.Application\AybJet.Application.csproj", "{190E6B81-B74E-46DE-9353-F6F31DBBF74B}"
EndProject
Project("{FAE04EC0-301F-11D3-BF4B-00C04F79EFBC}") = "AybJet.API", "src\Integrators\AybJet\src\AybJet.API\AybJet.API.csproj", "{0CC91A59-EFA0-40C8-928D-680F9D16CD30}"
EndProject
Project("{2150E333-8FDC-42A3-9474-1A3956D46DE8}") = "Shared", "Shared", "{2DDD3670-B45C-4AA3-8DC6-02ABD5D283FA}"
EndProject
Project("{FAE04EC0-301F-11D3-BF4B-00C04F79EFBC}") = "FlightSearch.Core", "src\Shared\FlightSearch.Core\FlightSearch.Core.csproj", "{70F14E9E-F981-4EDD-98D3-45CDB8062288}"
EndProject
Project("{FAE04EC0-301F-11D3-BF4B-00C04F79EFBC}") = "AybJet.UnitTests", "src\Integrators\AybJet\test\AybJet.UnitTests\AybJet.UnitTests.csproj", "{92E3AD78-0442-4C11-8FFE-1E875F3B7A1D}"
EndProject
Project("{FAE04EC0-301F-11D3-BF4B-00C04F79EFBC}") = "HopeAir.Domain", "src\Integrators\HopeAir\src\HopeAir.Domain\HopeAir.Domain.csproj", "{78ABA4A1-8A30-4871-88AA-BDED798CA1D0}"
EndProject
Project("{FAE04EC0-301F-11D3-BF4B-00C04F79EFBC}") = "HopeAir.Infrastructure", "src\Integrators\HopeAir\src\HopeAir.Infrastructure\HopeAir.Infrastructure.csproj", "{BFB2056A-F9D2-40AC-A39A-D6C010F7FCAF}"
EndProject
Project("{FAE04EC0-301F-11D3-BF4B-00C04F79EFBC}") = "HopeAir.Application", "src\Integrators\HopeAir\src\HopeAir.Application\HopeAir.Application.csproj", "{2FEA39B4-9BFB-4171-ACB0-46C89DF9591E}"
EndProject
Project("{FAE04EC0-301F-11D3-BF4B-00C04F79EFBC}") = "HopeAir.API", "src\Integrators\HopeAir\src\HopeAir.API\HopeAir.API.csproj", "{28E8CBEC-39F2-4E79-BFB9-72744DB73051}"
EndProject
Project("{FAE04EC0-301F-11D3-BF4B-00C04F79EFBC}") = "SearchFlightsQueryHandlerTests", "src\Integrators\HopeAir\test\SearchFlightsQueryHandlerTests\SearchFlightsQueryHandlerTests.csproj", "{DD639BFD-4CE4-495B-967B-2EDBA0A9648A}"
EndProject
Project("{2150E333-8FDC-42A3-9474-1A3956D46DE8}") = "src", "src", "{66AB2C89-95A4-45AA-B7AC-F219F5EAEBBF}"
EndProject
Project("{2150E333-8FDC-42A3-9474-1A3956D46DE8}") = "test", "test", "{8097FF37-2555-4445-ACE1-A7B09F2AA4D5}"
EndProject
Project("{FAE04EC0-301F-11D3-BF4B-00C04F79EFBC}") = "FlightSearch.Domain", "src\FlightSerch\src\FlightSearch.Domain\FlightSearch.Domain.csproj", "{5CD8A375-EEA4-48A0-A9D9-E96E4D00396D}"
EndProject
Project("{FAE04EC0-301F-11D3-BF4B-00C04F79EFBC}") = "FlightSearch.Infrastructure", "src\FlightSearch.Infrastructure\FlightSearch.Infrastructure.csproj", "{D370BB3C-9FC9-4CA7-9A4E-77777EA930AD}"
EndProject
Project("{FAE04EC0-301F-11D3-BF4B-00C04F79EFBC}") = "FlightSearch.Application", "src\FlightSearch.Application\FlightSearch.Application.csproj", "{06B75018-AF0F-478F-9601-528D9966BCE1}"
EndProject
Project("{FAE04EC0-301F-11D3-BF4B-00C04F79EFBC}") = "FlightSearch.API", "src\FlightSearch.API\FlightSearch.API.csproj", "{17E07DDB-FD3C-476E-8067-A63A14141E19}"
EndProject
Global
	GlobalSection(SolutionConfigurationPlatforms) = preSolution
		Debug|Any CPU = Debug|Any CPU
		Release|Any CPU = Release|Any CPU
	EndGlobalSection
	GlobalSection(NestedProjects) = preSolution
		{4ED40BEE-9A10-4F1A-A287-B31330C34E10} = {A8C4A36C-6F6F-4418-9DC9-1640EE08068A}
		{A8894EE2-5E49-476C-891D-055A736D3A4F} = {A8C4A36C-6F6F-4418-9DC9-1640EE08068A}
		{5CA9A695-958B-4052-8502-E492C19E9024} = {A8894EE2-5E49-476C-891D-055A736D3A4F}
		{97438AF7-9558-442F-ABB0-6BAFACDECB77} = {A8894EE2-5E49-476C-891D-055A736D3A4F}
		{4A8F79A6-E51A-4227-B092-4FD1B092824A} = {97438AF7-9558-442F-ABB0-6BAFACDECB77}
		{CB6ED643-675C-4DE5-A01A-F64377AC5FD9} = {97438AF7-9558-442F-ABB0-6BAFACDECB77}
		{7DBAC291-6CDA-4927-A045-1E70D84F6FC5} = {5CA9A695-958B-4052-8502-E492C19E9024}
		{6AF281A2-859C-4243-AAB1-0FA3104E1F2B} = {5CA9A695-958B-4052-8502-E492C19E9024}
		{D6039190-8188-4F01-8CDE-78DAB630BC23} = {4A8F79A6-E51A-4227-B092-4FD1B092824A}
		{779CC6E9-0355-4B82-A4F5-B644BFD51F07} = {4A8F79A6-E51A-4227-B092-4FD1B092824A}
		{190E6B81-B74E-46DE-9353-F6F31DBBF74B} = {4A8F79A6-E51A-4227-B092-4FD1B092824A}
		{0CC91A59-EFA0-40C8-928D-680F9D16CD30} = {4A8F79A6-E51A-4227-B092-4FD1B092824A}
		{2DDD3670-B45C-4AA3-8DC6-02ABD5D283FA} = {A8C4A36C-6F6F-4418-9DC9-1640EE08068A}
		{70F14E9E-F981-4EDD-98D3-45CDB8062288} = {2DDD3670-B45C-4AA3-8DC6-02ABD5D283FA}
		{92E3AD78-0442-4C11-8FFE-1E875F3B7A1D} = {CB6ED643-675C-4DE5-A01A-F64377AC5FD9}
		{78ABA4A1-8A30-4871-88AA-BDED798CA1D0} = {7DBAC291-6CDA-4927-A045-1E70D84F6FC5}
		{BFB2056A-F9D2-40AC-A39A-D6C010F7FCAF} = {7DBAC291-6CDA-4927-A045-1E70D84F6FC5}
		{2FEA39B4-9BFB-4171-ACB0-46C89DF9591E} = {7DBAC291-6CDA-4927-A045-1E70D84F6FC5}
		{28E8CBEC-39F2-4E79-BFB9-72744DB73051} = {7DBAC291-6CDA-4927-A045-1E70D84F6FC5}
		{DD639BFD-4CE4-495B-967B-2EDBA0A9648A} = {6AF281A2-859C-4243-AAB1-0FA3104E1F2B}
		{66AB2C89-95A4-45AA-B7AC-F219F5EAEBBF} = {4ED40BEE-9A10-4F1A-A287-B31330C34E10}
		{8097FF37-2555-4445-ACE1-A7B09F2AA4D5} = {4ED40BEE-9A10-4F1A-A287-B31330C34E10}
		{5CD8A375-EEA4-48A0-A9D9-E96E4D00396D} = {66AB2C89-95A4-45AA-B7AC-F219F5EAEBBF}
		{D370BB3C-9FC9-4CA7-9A4E-77777EA930AD} = {66AB2C89-95A4-45AA-B7AC-F219F5EAEBBF}
		{06B75018-AF0F-478F-9601-528D9966BCE1} = {66AB2C89-95A4-45AA-B7AC-F219F5EAEBBF}
		{17E07DDB-FD3C-476E-8067-A63A14141E19} = {66AB2C89-95A4-45AA-B7AC-F219F5EAEBBF}
	EndGlobalSection
	GlobalSection(ProjectConfigurationPlatforms) = postSolution
		{D6039190-8188-4F01-8CDE-78DAB630BC23}.Debug|Any CPU.ActiveCfg = Debug|Any CPU
		{D6039190-8188-4F01-8CDE-78DAB630BC23}.Debug|Any CPU.Build.0 = Debug|Any CPU
		{D6039190-8188-4F01-8CDE-78DAB630BC23}.Release|Any CPU.ActiveCfg = Release|Any CPU
		{D6039190-8188-4F01-8CDE-78DAB630BC23}.Release|Any CPU.Build.0 = Release|Any CPU
		{779CC6E9-0355-4B82-A4F5-B644BFD51F07}.Debug|Any CPU.ActiveCfg = Debug|Any CPU
		{779CC6E9-0355-4B82-A4F5-B644BFD51F07}.Debug|Any CPU.Build.0 = Debug|Any CPU
		{779CC6E9-0355-4B82-A4F5-B644BFD51F07}.Release|Any CPU.ActiveCfg = Release|Any CPU
		{779CC6E9-0355-4B82-A4F5-B644BFD51F07}.Release|Any CPU.Build.0 = Release|Any CPU
		{190E6B81-B74E-46DE-9353-F6F31DBBF74B}.Debug|Any CPU.ActiveCfg = Debug|Any CPU
		{190E6B81-B74E-46DE-9353-F6F31DBBF74B}.Debug|Any CPU.Build.0 = Debug|Any CPU
		{190E6B81-B74E-46DE-9353-F6F31DBBF74B}.Release|Any CPU.ActiveCfg = Release|Any CPU
		{190E6B81-B74E-46DE-9353-F6F31DBBF74B}.Release|Any CPU.Build.0 = Release|Any CPU
		{0CC91A59-EFA0-40C8-928D-680F9D16CD30}.Debug|Any CPU.ActiveCfg = Debug|Any CPU
		{0CC91A59-EFA0-40C8-928D-680F9D16CD30}.Debug|Any CPU.Build.0 = Debug|Any CPU
		{0CC91A59-EFA0-40C8-928D-680F9D16CD30}.Release|Any CPU.ActiveCfg = Release|Any CPU
		{0CC91A59-EFA0-40C8-928D-680F9D16CD30}.Release|Any CPU.Build.0 = Release|Any CPU
		{70F14E9E-F981-4EDD-98D3-45CDB8062288}.Debug|Any CPU.ActiveCfg = Debug|Any CPU
		{70F14E9E-F981-4EDD-98D3-45CDB8062288}.Debug|Any CPU.Build.0 = Debug|Any CPU
		{70F14E9E-F981-4EDD-98D3-45CDB8062288}.Release|Any CPU.ActiveCfg = Release|Any CPU
		{70F14E9E-F981-4EDD-98D3-45CDB8062288}.Release|Any CPU.Build.0 = Release|Any CPU
		{92E3AD78-0442-4C11-8FFE-1E875F3B7A1D}.Debug|Any CPU.ActiveCfg = Debug|Any CPU
		{92E3AD78-0442-4C11-8FFE-1E875F3B7A1D}.Debug|Any CPU.Build.0 = Debug|Any CPU
		{92E3AD78-0442-4C11-8FFE-1E875F3B7A1D}.Release|Any CPU.ActiveCfg = Release|Any CPU
		{92E3AD78-0442-4C11-8FFE-1E875F3B7A1D}.Release|Any CPU.Build.0 = Release|Any CPU
		{78ABA4A1-8A30-4871-88AA-BDED798CA1D0}.Debug|Any CPU.ActiveCfg = Debug|Any CPU
		{78ABA4A1-8A30-4871-88AA-BDED798CA1D0}.Debug|Any CPU.Build.0 = Debug|Any CPU
		{78ABA4A1-8A30-4871-88AA-BDED798CA1D0}.Release|Any CPU.ActiveCfg = Release|Any CPU
		{78ABA4A1-8A30-4871-88AA-BDED798CA1D0}.Release|Any CPU.Build.0 = Release|Any CPU
		{BFB2056A-F9D2-40AC-A39A-D6C010F7FCAF}.Debug|Any CPU.ActiveCfg = Debug|Any CPU
		{BFB2056A-F9D2-40AC-A39A-D6C010F7FCAF}.Debug|Any CPU.Build.0 = Debug|Any CPU
		{BFB2056A-F9D2-40AC-A39A-D6C010F7FCAF}.Release|Any CPU.ActiveCfg = Release|Any CPU
		{BFB2056A-F9D2-40AC-A39A-D6C010F7FCAF}.Release|Any CPU.Build.0 = Release|Any CPU
		{2FEA39B4-9BFB-4171-ACB0-46C89DF9591E}.Debug|Any CPU.ActiveCfg = Debug|Any CPU
		{2FEA39B4-9BFB-4171-ACB0-46C89DF9591E}.Debug|Any CPU.Build.0 = Debug|Any CPU
		{2FEA39B4-9BFB-4171-ACB0-46C89DF9591E}.Release|Any CPU.ActiveCfg = Release|Any CPU
		{2FEA39B4-9BFB-4171-ACB0-46C89DF9591E}.Release|Any CPU.Build.0 = Release|Any CPU
		{28E8CBEC-39F2-4E79-BFB9-72744DB73051}.Debug|Any CPU.ActiveCfg = Debug|Any CPU
		{28E8CBEC-39F2-4E79-BFB9-72744DB73051}.Debug|Any CPU.Build.0 = Debug|Any CPU
		{28E8CBEC-39F2-4E79-BFB9-72744DB73051}.Release|Any CPU.ActiveCfg = Release|Any CPU
		{28E8CBEC-39F2-4E79-BFB9-72744DB73051}.Release|Any CPU.Build.0 = Release|Any CPU
		{DD639BFD-4CE4-495B-967B-2EDBA0A9648A}.Debug|Any CPU.ActiveCfg = Debug|Any CPU
		{DD639BFD-4CE4-495B-967B-2EDBA0A9648A}.Debug|Any CPU.Build.0 = Debug|Any CPU
		{DD639BFD-4CE4-495B-967B-2EDBA0A9648A}.Release|Any CPU.ActiveCfg = Release|Any CPU
		{DD639BFD-4CE4-495B-967B-2EDBA0A9648A}.Release|Any CPU.Build.0 = Release|Any CPU
		{5CD8A375-EEA4-48A0-A9D9-E96E4D00396D}.Debug|Any CPU.ActiveCfg = Debug|Any CPU
		{5CD8A375-EEA4-48A0-A9D9-E96E4D00396D}.Debug|Any CPU.Build.0 = Debug|Any CPU
		{5CD8A375-EEA4-48A0-A9D9-E96E4D00396D}.Release|Any CPU.ActiveCfg = Release|Any CPU
		{5CD8A375-EEA4-48A0-A9D9-E96E4D00396D}.Release|Any CPU.Build.0 = Release|Any CPU
		{D370BB3C-9FC9-4CA7-9A4E-77777EA930AD}.Debug|Any CPU.ActiveCfg = Debug|Any CPU
		{D370BB3C-9FC9-4CA7-9A4E-77777EA930AD}.Debug|Any CPU.Build.0 = Debug|Any CPU
		{D370BB3C-9FC9-4CA7-9A4E-77777EA930AD}.Release|Any CPU.ActiveCfg = Release|Any CPU
		{D370BB3C-9FC9-4CA7-9A4E-77777EA930AD}.Release|Any CPU.Build.0 = Release|Any CPU
		{06B75018-AF0F-478F-9601-528D9966BCE1}.Debug|Any CPU.ActiveCfg = Debug|Any CPU
		{06B75018-AF0F-478F-9601-528D9966BCE1}.Debug|Any CPU.Build.0 = Debug|Any CPU
		{06B75018-AF0F-478F-9601-528D9966BCE1}.Release|Any CPU.ActiveCfg = Release|Any CPU
		{06B75018-AF0F-478F-9601-528D9966BCE1}.Release|Any CPU.Build.0 = Release|Any CPU
		{17E07DDB-FD3C-476E-8067-A63A14141E19}.Debug|Any CPU.ActiveCfg = Debug|Any CPU
		{17E07DDB-FD3C-476E-8067-A63A14141E19}.Debug|Any CPU.Build.0 = Debug|Any CPU
		{17E07DDB-FD3C-476E-8067-A63A14141E19}.Release|Any CPU.ActiveCfg = Release|Any CPU
		{17E07DDB-FD3C-476E-8067-A63A14141E19}.Release|Any CPU.Build.0 = Release|Any CPU
	EndGlobalSection
EndGlobal
