
Microsoft Visual Studio Solution File, Format Version 12.00
Project("{2150E333-8FDC-42A3-9474-1A3956D46DE8}") = "src", "src", "{A8C4A36C-6F6F-4418-9DC9-1640EE08068A}"
EndProject
Project("{2150E333-8FDC-42A3-9474-1A3956D46DE8}") = "FlightSearch", "FlightSearch", "{4ED40BEE-9A10-4F1A-A287-B31330C34E10}"
EndProject
Project("{2150E333-8FDC-42A3-9474-1A3956D46DE8}") = "Integrators", "Integrators", "{A8894EE2-5E49-476C-891D-055A736D3A4F}"
EndProject
Project("{2150E333-8FDC-42A3-9474-1A3956D46DE8}") = "HopeAir", "HopeAir", "{5CA9A695-958B-4052-8502-E492C19E9024}"
EndProject
Project("{2150E333-8FDC-42A3-9474-1A3956D46DE8}") = "AybJet", "AybJet", "{97438AF7-9558-442F-ABB0-6BAFACDECB77}"
EndProject
Project("{2150E333-8FDC-42A3-9474-1A3956D46DE8}") = "src", "src", "{4A8F79A6-E51A-4227-B092-4FD1B092824A}"
EndProject
Project("{2150E333-8FDC-42A3-9474-1A3956D46DE8}") = "test", "test", "{CB6ED643-675C-4DE5-A01A-F64377AC5FD9}"
EndProject
Project("{2150E333-8FDC-42A3-9474-1A3956D46DE8}") = "src", "src", "{7DBAC291-6CDA-4927-A045-1E70D84F6FC5}"
EndProject
Project("{2150E333-8FDC-42A3-9474-1A3956D46DE8}") = "test", "test", "{6AF281A2-859C-4243-AAB1-0FA3104E1F2B}"
EndProject
Project("{FAE04EC0-301F-11D3-BF4B-00C04F79EFBC}") = "AybJet.Domain", "src\Integrators\AybJet\src\AybJet.Domain\AybJet.Domain.csproj", "{D6039190-8188-4F01-8CDE-78DAB630BC23}"
EndProject
Project("{FAE04EC0-301F-11D3-BF4B-00C04F79EFBC}") = "AybJet.Infrastructure", "src\Integrators\AybJet\src\AybJet.Infrastructure\AybJet.Infrastructure.csproj", "{779CC6E9-0355-4B82-A4F5-B644BFD51F07}"
EndProject
Project("{FAE04EC0-301F-11D3-BF4B-00C04F79EFBC}") = "AybJet.Application", "src\Integrators\AybJet\src\AybJet.Application\AybJet.Application.csproj", "{190E6B81-B74E-46DE-9353-F6F31DBBF74B}"
EndProject
Project("{FAE04EC0-301F-11D3-BF4B-00C04F79EFBC}") = "AybJet.API", "src\Integrators\AybJet\src\AybJet.API\AybJet.API.csproj", "{0CC91A59-EFA0-40C8-928D-680F9D16CD30}"
EndProject
Project("{2150E333-8FDC-42A3-9474-1A3956D46DE8}") = "Shared", "Shared", "{2DDD3670-B45C-4AA3-8DC6-02ABD5D283FA}"
EndProject
Project("{FAE04EC0-301F-11D3-BF4B-00C04F79EFBC}") = "FlightSearch.Core", "src\Shared\FlightSearch.Core\FlightSearch.Core.csproj", "{70F14E9E-F981-4EDD-98D3-45CDB8062288}"
EndProject
Project("{FAE04EC0-301F-11D3-BF4B-00C04F79EFBC}") = "AybJet.UnitTests", "src\Integrators\AybJet\test\AybJet.UnitTests\AybJet.UnitTests.csproj", "{92E3AD78-0442-4C11-8FFE-1E875F3B7A1D}"
EndProject
Global
	GlobalSection(SolutionConfigurationPlatforms) = preSolution
		Debug|Any CPU = Debug|Any CPU
		Release|Any CPU = Release|Any CPU
	EndGlobalSection
	GlobalSection(NestedProjects) = preSolution
		{4ED40BEE-9A10-4F1A-A287-B31330C34E10} = {A8C4A36C-6F6F-4418-9DC9-1640EE08068A}
		{A8894EE2-5E49-476C-891D-055A736D3A4F} = {A8C4A36C-6F6F-4418-9DC9-1640EE08068A}
		{5CA9A695-958B-4052-8502-E492C19E9024} = {A8894EE2-5E49-476C-891D-055A736D3A4F}
		{97438AF7-9558-442F-ABB0-6BAFACDECB77} = {A8894EE2-5E49-476C-891D-055A736D3A4F}
		{4A8F79A6-E51A-4227-B092-4FD1B092824A} = {97438AF7-9558-442F-ABB0-6BAFACDECB77}
		{CB6ED643-675C-4DE5-A01A-F64377AC5FD9} = {97438AF7-9558-442F-ABB0-6BAFACDECB77}
		{7DBAC291-6CDA-4927-A045-1E70D84F6FC5} = {5CA9A695-958B-4052-8502-E492C19E9024}
		{6AF281A2-859C-4243-AAB1-0FA3104E1F2B} = {5CA9A695-958B-4052-8502-E492C19E9024}
		{D6039190-8188-4F01-8CDE-78DAB630BC23} = {4A8F79A6-E51A-4227-B092-4FD1B092824A}
		{779CC6E9-0355-4B82-A4F5-B644BFD51F07} = {4A8F79A6-E51A-4227-B092-4FD1B092824A}
		{190E6B81-B74E-46DE-9353-F6F31DBBF74B} = {4A8F79A6-E51A-4227-B092-4FD1B092824A}
		{0CC91A59-EFA0-40C8-928D-680F9D16CD30} = {4A8F79A6-E51A-4227-B092-4FD1B092824A}
		{2DDD3670-B45C-4AA3-8DC6-02ABD5D283FA} = {A8C4A36C-6F6F-4418-9DC9-1640EE08068A}
		{70F14E9E-F981-4EDD-98D3-45CDB8062288} = {2DDD3670-B45C-4AA3-8DC6-02ABD5D283FA}
		{92E3AD78-0442-4C11-8FFE-1E875F3B7A1D} = {CB6ED643-675C-4DE5-A01A-F64377AC5FD9}
	EndGlobalSection
	GlobalSection(ProjectConfigurationPlatforms) = postSolution
		{D6039190-8188-4F01-8CDE-78DAB630BC23}.Debug|Any CPU.ActiveCfg = Debug|Any CPU
		{D6039190-8188-4F01-8CDE-78DAB630BC23}.Debug|Any CPU.Build.0 = Debug|Any CPU
		{D6039190-8188-4F01-8CDE-78DAB630BC23}.Release|Any CPU.ActiveCfg = Release|Any CPU
		{D6039190-8188-4F01-8CDE-78DAB630BC23}.Release|Any CPU.Build.0 = Release|Any CPU
		{779CC6E9-0355-4B82-A4F5-B644BFD51F07}.Debug|Any CPU.ActiveCfg = Debug|Any CPU
		{779CC6E9-0355-4B82-A4F5-B644BFD51F07}.Debug|Any CPU.Build.0 = Debug|Any CPU
		{779CC6E9-0355-4B82-A4F5-B644BFD51F07}.Release|Any CPU.ActiveCfg = Release|Any CPU
		{779CC6E9-0355-4B82-A4F5-B644BFD51F07}.Release|Any CPU.Build.0 = Release|Any CPU
		{190E6B81-B74E-46DE-9353-F6F31DBBF74B}.Debug|Any CPU.ActiveCfg = Debug|Any CPU
		{190E6B81-B74E-46DE-9353-F6F31DBBF74B}.Debug|Any CPU.Build.0 = Debug|Any CPU
		{190E6B81-B74E-46DE-9353-F6F31DBBF74B}.Release|Any CPU.ActiveCfg = Release|Any CPU
		{190E6B81-B74E-46DE-9353-F6F31DBBF74B}.Release|Any CPU.Build.0 = Release|Any CPU
		{0CC91A59-EFA0-40C8-928D-680F9D16CD30}.Debug|Any CPU.ActiveCfg = Debug|Any CPU
		{0CC91A59-EFA0-40C8-928D-680F9D16CD30}.Debug|Any CPU.Build.0 = Debug|Any CPU
		{0CC91A59-EFA0-40C8-928D-680F9D16CD30}.Release|Any CPU.ActiveCfg = Release|Any CPU
		{0CC91A59-EFA0-40C8-928D-680F9D16CD30}.Release|Any CPU.Build.0 = Release|Any CPU
		{70F14E9E-F981-4EDD-98D3-45CDB8062288}.Debug|Any CPU.ActiveCfg = Debug|Any CPU
		{70F14E9E-F981-4EDD-98D3-45CDB8062288}.Debug|Any CPU.Build.0 = Debug|Any CPU
		{70F14E9E-F981-4EDD-98D3-45CDB8062288}.Release|Any CPU.ActiveCfg = Release|Any CPU
		{70F14E9E-F981-4EDD-98D3-45CDB8062288}.Release|Any CPU.Build.0 = Release|Any CPU
		{92E3AD78-0442-4C11-8FFE-1E875F3B7A1D}.Debug|Any CPU.ActiveCfg = Debug|Any CPU
		{92E3AD78-0442-4C11-8FFE-1E875F3B7A1D}.Debug|Any CPU.Build.0 = Debug|Any CPU
		{92E3AD78-0442-4C11-8FFE-1E875F3B7A1D}.Release|Any CPU.ActiveCfg = Release|Any CPU
		{92E3AD78-0442-4C11-8FFE-1E875F3B7A1D}.Release|Any CPU.Build.0 = Release|Any CPU
	EndGlobalSection
EndGlobal
